
Microsoft Visual Studio Solution File, Format Version 12.00
# Visual Studio Version 17
VisualStudioVersion = 17.3.32819.101
MinimumVisualStudioVersion = 10.0.40219.1
Project("{888888A0-9F3D-457C-B088-3A5042F75D52}") = "Kap 5 uppgift 10", "Kap 5 uppgift 10\Kap 5 uppgift 10.pyproj", "{60884393-B101-4E97-A1CD-37F95570AB42}"
EndProject
Global
	GlobalSection(SolutionConfigurationPlatforms) = preSolution
		Debug|Any CPU = Debug|Any CPU
		Release|Any CPU = Release|Any CPU
	EndGlobalSection
	GlobalSection(ProjectConfigurationPlatforms) = postSolution
		{60884393-B101-4E97-A1CD-37F95570AB42}.Debug|Any CPU.ActiveCfg = Debug|Any CPU
		{60884393-B101-4E97-A1CD-37F95570AB42}.Release|Any CPU.ActiveCfg = Release|Any CPU
	EndGlobalSection
	GlobalSection(SolutionProperties) = preSolution
		HideSolutionNode = FALSE
	EndGlobalSection
	GlobalSection(ExtensibilityGlobals) = postSolution
		SolutionGuid = {E77D3618-C060-4FF4-8A2A-A9CEB1725831}
	EndGlobalSection
EndGlobal
